// !$*UTF8*$!
{
	archiveVersion = 1;
	classes = {
	};
	objectVersion = 55;
	objects = {

/* Begin PBXBuildFile section */
		2208EA532C035D1E003E59A1 /* AppDelegate.swift in Sources */ = {isa = PBXBuildFile; fileRef = 2208EA522C035D1E003E59A1 /* AppDelegate.swift */; };
		2208EA552C035D1E003E59A1 /* SceneDelegate.swift in Sources */ = {isa = PBXBuildFile; fileRef = 2208EA542C035D1E003E59A1 /* SceneDelegate.swift */; };
		2208EA572C035D1E003E59A1 /* ViewController.swift in Sources */ = {isa = PBXBuildFile; fileRef = 2208EA562C035D1E003E59A1 /* ViewController.swift */; };
		2208EA5A2C035D1E003E59A1 /* Main.storyboard in Resources */ = {isa = PBXBuildFile; fileRef = 2208EA582C035D1E003E59A1 /* Main.storyboard */; };
		2208EA5C2C035D20003E59A1 /* Assets.xcassets in Resources */ = {isa = PBXBuildFile; fileRef = 2208EA5B2C035D20003E59A1 /* Assets.xcassets */; };
		2208EA5F2C035D20003E59A1 /* LaunchScreen.storyboard in Resources */ = {isa = PBXBuildFile; fileRef = 2208EA5D2C035D20003E59A1 /* LaunchScreen.storyboard */; };
		2208EA6A2C035D20003E59A1 /* tictactoeTests.swift in Sources */ = {isa = PBXBuildFile; fileRef = 2208EA692C035D20003E59A1 /* tictactoeTests.swift */; };
		2208EA742C035D20003E59A1 /* tictactoeUITests.swift in Sources */ = {isa = PBXBuildFile; fileRef = 2208EA732C035D20003E59A1 /* tictactoeUITests.swift */; };
		2208EA762C035D20003E59A1 /* tictactoeUITestsLaunchTests.swift in Sources */ = {isa = PBXBuildFile; fileRef = 2208EA752C035D20003E59A1 /* tictactoeUITestsLaunchTests.swift */; };
/* End PBXBuildFile section */

/* Begin PBXContainerItemProxy section */
		2208EA662C035D20003E59A1 /* PBXContainerItemProxy */ = {
			isa = PBXContainerItemProxy;
			containerPortal = 2208EA472C035D1E003E59A1 /* Project object */;
			proxyType = 1;
			remoteGlobalIDString = 2208EA4E2C035D1E003E59A1;
			remoteInfo = tictactoe;
		};
		2208EA702C035D20003E59A1 /* PBXContainerItemProxy */ = {
			isa = PBXContainerItemProxy;
			containerPortal = 2208EA472C035D1E003E59A1 /* Project object */;
			proxyType = 1;
			remoteGlobalIDString = 2208EA4E2C035D1E003E59A1;
			remoteInfo = tictactoe;
		};
/* End PBXContainerItemProxy section */

/* Begin PBXFileReference section */
		2208EA4F2C035D1E003E59A1 /* tictactoe.app */ = {isa = PBXFileReference; explicitFileType = wrapper.application; includeInIndex = 0; path = tictactoe.app; sourceTree = BUILT_PRODUCTS_DIR; };
		2208EA522C035D1E003E59A1 /* AppDelegate.swift */ = {isa = PBXFileReference; lastKnownFileType = sourcecode.swift; path = AppDelegate.swift; sourceTree = "<group>"; };
		2208EA542C035D1E003E59A1 /* SceneDelegate.swift */ = {isa = PBXFileReference; lastKnownFileType = sourcecode.swift; path = SceneDelegate.swift; sourceTree = "<group>"; };
		2208EA562C035D1E003E59A1 /* ViewController.swift */ = {isa = PBXFileReference; lastKnownFileType = sourcecode.swift; path = ViewController.swift; sourceTree = "<group>"; };
		2208EA592C035D1E003E59A1 /* Base */ = {isa = PBXFileReference; lastKnownFileType = file.storyboard; name = Base; path = Base.lproj/Main.storyboard; sourceTree = "<group>"; };
		2208EA5B2C035D20003E59A1 /* Assets.xcassets */ = {isa = PBXFileReference; lastKnownFileType = folder.assetcatalog; path = Assets.xcassets; sourceTree = "<group>"; };
		2208EA5E2C035D20003E59A1 /* Base */ = {isa = PBXFileReference; lastKnownFileType = file.storyboard; name = Base; path = Base.lproj/LaunchScreen.storyboard; sourceTree = "<group>"; };
		2208EA602C035D20003E59A1 /* Info.plist */ = {isa = PBXFileReference; lastKnownFileType = text.plist.xml; path = Info.plist; sourceTree = "<group>"; };
		2208EA652C035D20003E59A1 /* tictactoeTests.xctest */ = {isa = PBXFileReference; explicitFileType = wrapper.cfbundle; includeInIndex = 0; path = tictactoeTests.xctest; sourceTree = BUILT_PRODUCTS_DIR; };
		2208EA692C035D20003E59A1 /* tictactoeTests.swift */ = {isa = PBXFileReference; lastKnownFileType = sourcecode.swift; path = tictactoeTests.swift; sourceTree = "<group>"; };
		2208EA6F2C035D20003E59A1 /* tictactoeUITests.xctest */ = {isa = PBXFileReference; explicitFileType = wrapper.cfbundle; includeInIndex = 0; path = tictactoeUITests.xctest; sourceTree = BUILT_PRODUCTS_DIR; };
		2208EA732C035D20003E59A1 /* tictactoeUITests.swift */ = {isa = PBXFileReference; lastKnownFileType = sourcecode.swift; path = tictactoeUITests.swift; sourceTree = "<group>"; };
		2208EA752C035D20003E59A1 /* tictactoeUITestsLaunchTests.swift */ = {isa = PBXFileReference; lastKnownFileType = sourcecode.swift; path = tictactoeUITestsLaunchTests.swift; sourceTree = "<group>"; };
/* End PBXFileReference section */

/* Begin PBXFrameworksBuildPhase section */
		2208EA4C2C035D1E003E59A1 /* Frameworks */ = {
			isa = PBXFrameworksBuildPhase;
			buildActionMask = 2147483647;
			files = (
			);
			runOnlyForDeploymentPostprocessing = 0;
		};
		2208EA622C035D20003E59A1 /* Frameworks */ = {
			isa = PBXFrameworksBuildPhase;
			buildActionMask = 2147483647;
			files = (
			);
			runOnlyForDeploymentPostprocessing = 0;
		};
		2208EA6C2C035D20003E59A1 /* Frameworks */ = {
			isa = PBXFrameworksBuildPhase;
			buildActionMask = 2147483647;
			files = (
			);
			runOnlyForDeploymentPostprocessing = 0;
		};
/* End PBXFrameworksBuildPhase section */

/* Begin PBXGroup section */
		2208EA462C035D1E003E59A1 = {
			isa = PBXGroup;
			children = (
				2208EA512C035D1E003E59A1 /* tictactoe */,
				2208EA682C035D20003E59A1 /* tictactoeTests */,
				2208EA722C035D20003E59A1 /* tictactoeUITests */,
				2208EA502C035D1E003E59A1 /* Products */,
			);
			sourceTree = "<group>";
		};
		2208EA502C035D1E003E59A1 /* Products */ = {
			isa = PBXGroup;
			children = (
				2208EA4F2C035D1E003E59A1 /* tictactoe.app */,
				2208EA652C035D20003E59A1 /* tictactoeTests.xctest */,
				2208EA6F2C035D20003E59A1 /* tictactoeUITests.xctest */,
			);
			name = Products;
			sourceTree = "<group>";
		};
		2208EA512C035D1E003E59A1 /* tictactoe */ = {
			isa = PBXGroup;
			children = (
				2208EA522C035D1E003E59A1 /* AppDelegate.swift */,
				2208EA542C035D1E003E59A1 /* SceneDelegate.swift */,
				2208EA562C035D1E003E59A1 /* ViewController.swift */,
				2208EA582C035D1E003E59A1 /* Main.storyboard */,
				2208EA5B2C035D20003E59A1 /* Assets.xcassets */,
				2208EA5D2C035D20003E59A1 /* LaunchScreen.storyboard */,
				2208EA602C035D20003E59A1 /* Info.plist */,
			);
			path = tictactoe;
			sourceTree = "<group>";
		};
		2208EA682C035D20003E59A1 /* tictactoeTests */ = {
			isa = PBXGroup;
			children = (
				2208EA692C035D20003E59A1 /* tictactoeTests.swift */,
			);
			path = tictactoeTests;
			sourceTree = "<group>";
		};
		2208EA722C035D20003E59A1 /* tictactoeUITests */ = {
			isa = PBXGroup;
			children = (
				2208EA732C035D20003E59A1 /* tictactoeUITests.swift */,
				2208EA752C035D20003E59A1 /* tictactoeUITestsLaunchTests.swift */,
			);
			path = tictactoeUITests;
			sourceTree = "<group>";
		};
/* End PBXGroup section */

/* Begin PBXNativeTarget section */
		2208EA4E2C035D1E003E59A1 /* tictactoe */ = {
			isa = PBXNativeTarget;
			buildConfigurationList = 2208EA792C035D20003E59A1 /* Build configuration list for PBXNativeTarget "tictactoe" */;
			buildPhases = (
				2208EA4B2C035D1E003E59A1 /* Sources */,
				2208EA4C2C035D1E003E59A1 /* Frameworks */,
				2208EA4D2C035D1E003E59A1 /* Resources */,
			);
			buildRules = (
			);
			dependencies = (
			);
			name = tictactoe;
			productName = tictactoe;
			productReference = 2208EA4F2C035D1E003E59A1 /* tictactoe.app */;
			productType = "com.apple.product-type.application";
		};
		2208EA642C035D20003E59A1 /* tictactoeTests */ = {
			isa = PBXNativeTarget;
			buildConfigurationList = 2208EA7C2C035D20003E59A1 /* Build configuration list for PBXNativeTarget "tictactoeTests" */;
			buildPhases = (
				2208EA612C035D20003E59A1 /* Sources */,
				2208EA622C035D20003E59A1 /* Frameworks */,
				2208EA632C035D20003E59A1 /* Resources */,
			);
			buildRules = (
			);
			dependencies = (
				2208EA672C035D20003E59A1 /* PBXTargetDependency */,
			);
			name = tictactoeTests;
			productName = tictactoeTests;
			productReference = 2208EA652C035D20003E59A1 /* tictactoeTests.xctest */;
			productType = "com.apple.product-type.bundle.unit-test";
		};
		2208EA6E2C035D20003E59A1 /* tictactoeUITests */ = {
			isa = PBXNativeTarget;
			buildConfigurationList = 2208EA7F2C035D20003E59A1 /* Build configuration list for PBXNativeTarget "tictactoeUITests" */;
			buildPhases = (
				2208EA6B2C035D20003E59A1 /* Sources */,
				2208EA6C2C035D20003E59A1 /* Frameworks */,
				2208EA6D2C035D20003E59A1 /* Resources */,
			);
			buildRules = (
			);
			dependencies = (
				2208EA712C035D20003E59A1 /* PBXTargetDependency */,
			);
			name = tictactoeUITests;
			productName = tictactoeUITests;
			productReference = 2208EA6F2C035D20003E59A1 /* tictactoeUITests.xctest */;
			productType = "com.apple.product-type.bundle.ui-testing";
		};
/* End PBXNativeTarget section */

/* Begin PBXProject section */
		2208EA472C035D1E003E59A1 /* Project object */ = {
			isa = PBXProject;
			attributes = {
				BuildIndependentTargetsInParallel = 1;
				LastSwiftUpdateCheck = 1330;
				LastUpgradeCheck = 1330;
				TargetAttributes = {
					2208EA4E2C035D1E003E59A1 = {
						CreatedOnToolsVersion = 13.3.1;
					};
					2208EA642C035D20003E59A1 = {
						CreatedOnToolsVersion = 13.3.1;
						TestTargetID = 2208EA4E2C035D1E003E59A1;
					};
					2208EA6E2C035D20003E59A1 = {
						CreatedOnToolsVersion = 13.3.1;
						TestTargetID = 2208EA4E2C035D1E003E59A1;
					};
				};
			};
			buildConfigurationList = 2208EA4A2C035D1E003E59A1 /* Build configuration list for PBXProject "tictactoe" */;
			compatibilityVersion = "Xcode 13.0";
			developmentRegion = en;
			hasScannedForEncodings = 0;
			knownRegions = (
				en,
				Base,
			);
			mainGroup = 2208EA462C035D1E003E59A1;
			productRefGroup = 2208EA502C035D1E003E59A1 /* Products */;
			projectDirPath = "";
			projectRoot = "";
			targets = (
				2208EA4E2C035D1E003E59A1 /* tictactoe */,
				2208EA642C035D20003E59A1 /* tictactoeTests */,
				2208EA6E2C035D20003E59A1 /* tictactoeUITests */,
			);
		};
/* End PBXProject section */

/* Begin PBXResourcesBuildPhase section */
		2208EA4D2C035D1E003E59A1 /* Resources */ = {
			isa = PBXResourcesBuildPhase;
			buildActionMask = 2147483647;
			files = (
				2208EA5F2C035D20003E59A1 /* LaunchScreen.storyboard in Resources */,
				2208EA5C2C035D20003E59A1 /* Assets.xcassets in Resources */,
				2208EA5A2C035D1E003E59A1 /* Main.storyboard in Resources */,
			);
			runOnlyForDeploymentPostprocessing = 0;
		};
		2208EA632C035D20003E59A1 /* Resources */ = {
			isa = PBXResourcesBuildPhase;
			buildActionMask = 2147483647;
			files = (
			);
			runOnlyForDeploymentPostprocessing = 0;
		};
		2208EA6D2C035D20003E59A1 /* Resources */ = {
			isa = PBXResourcesBuildPhase;
			buildActionMask = 2147483647;
			files = (
			);
			runOnlyForDeploymentPostprocessing = 0;
		};
/* End PBXResourcesBuildPhase section */

/* Begin PBXSourcesBuildPhase section */
		2208EA4B2C035D1E003E59A1 /* Sources */ = {
			isa = PBXSourcesBuildPhase;
			buildActionMask = 2147483647;
			files = (
				2208EA572C035D1E003E59A1 /* ViewController.swift in Sources */,
				2208EA532C035D1E003E59A1 /* AppDelegate.swift in Sources */,
				2208EA552C035D1E003E59A1 /* SceneDelegate.swift in Sources */,
			);
			runOnlyForDeploymentPostprocessing = 0;
		};
		2208EA612C035D20003E59A1 /* Sources */ = {
			isa = PBXSourcesBuildPhase;
			buildActionMask = 2147483647;
			files = (
				2208EA6A2C035D20003E59A1 /* tictactoeTests.swift in Sources */,
			);
			runOnlyForDeploymentPostprocessing = 0;
		};
		2208EA6B2C035D20003E59A1 /* Sources */ = {
			isa = PBXSourcesBuildPhase;
			buildActionMask = 2147483647;
			files = (
				2208EA742C035D20003E59A1 /* tictactoeUITests.swift in Sources */,
				2208EA762C035D20003E59A1 /* tictactoeUITestsLaunchTests.swift in Sources */,
			);
			runOnlyForDeploymentPostprocessing = 0;
		};
/* End PBXSourcesBuildPhase section */

/* Begin PBXTargetDependency section */
		2208EA672C035D20003E59A1 /* PBXTargetDependency */ = {
			isa = PBXTargetDependency;
			target = 2208EA4E2C035D1E003E59A1 /* tictactoe */;
			targetProxy = 2208EA662C035D20003E59A1 /* PBXContainerItemProxy */;
		};
		2208EA712C035D20003E59A1 /* PBXTargetDependency */ = {
			isa = PBXTargetDependency;
			target = 2208EA4E2C035D1E003E59A1 /* tictactoe */;
			targetProxy = 2208EA702C035D20003E59A1 /* PBXContainerItemProxy */;
		};
/* End PBXTargetDependency section */

/* Begin PBXVariantGroup section */
		2208EA582C035D1E003E59A1 /* Main.storyboard */ = {
			isa = PBXVariantGroup;
			children = (
				2208EA592C035D1E003E59A1 /* Base */,
			);
			name = Main.storyboard;
			sourceTree = "<group>";
		};
		2208EA5D2C035D20003E59A1 /* LaunchScreen.storyboard */ = {
			isa = PBXVariantGroup;
			children = (
				2208EA5E2C035D20003E59A1 /* Base */,
			);
			name = LaunchScreen.storyboard;
			sourceTree = "<group>";
		};
/* End PBXVariantGroup section */

/* Begin XCBuildConfiguration section */
		2208EA772C035D20003E59A1 /* Debug */ = {
			isa = XCBuildConfiguration;
			buildSettings = {
				ALWAYS_SEARCH_USER_PATHS = NO;
				CLANG_ANALYZER_NONNULL = YES;
				CLANG_ANALYZER_NUMBER_OBJECT_CONVERSION = YES_AGGRESSIVE;
				CLANG_CXX_LANGUAGE_STANDARD = "gnu++17";
				CLANG_ENABLE_MODULES = YES;
				CLANG_ENABLE_OBJC_ARC = YES;
				CLANG_ENABLE_OBJC_WEAK = YES;
				CLANG_WARN_BLOCK_CAPTURE_AUTORELEASING = YES;
				CLANG_WARN_BOOL_CONVERSION = YES;
				CLANG_WARN_COMMA = YES;
				CLANG_WARN_CONSTANT_CONVERSION = YES;
				CLANG_WARN_DEPRECATED_OBJC_IMPLEMENTATIONS = YES;
				CLANG_WARN_DIRECT_OBJC_ISA_USAGE = YES_ERROR;
				CLANG_WARN_DOCUMENTATION_COMMENTS = YES;
				CLANG_WARN_EMPTY_BODY = YES;
				CLANG_WARN_ENUM_CONVERSION = YES;
				CLANG_WARN_INFINITE_RECURSION = YES;
				CLANG_WARN_INT_CONVERSION = YES;
				CLANG_WARN_NON_LITERAL_NULL_CONVERSION = YES;
				CLANG_WARN_OBJC_IMPLICIT_RETAIN_SELF = YES;
				CLANG_WARN_OBJC_LITERAL_CONVERSION = YES;
				CLANG_WARN_OBJC_ROOT_CLASS = YES_ERROR;
				CLANG_WARN_QUOTED_INCLUDE_IN_FRAMEWORK_HEADER = YES;
				CLANG_WARN_RANGE_LOOP_ANALYSIS = YES;
				CLANG_WARN_STRICT_PROTOTYPES = YES;
				CLANG_WARN_SUSPICIOUS_MOVE = YES;
				CLANG_WARN_UNGUARDED_AVAILABILITY = YES_AGGRESSIVE;
				CLANG_WARN_UNREACHABLE_CODE = YES;
				CLANG_WARN__DUPLICATE_METHOD_MATCH = YES;
				COPY_PHASE_STRIP = NO;
				DEBUG_INFORMATION_FORMAT = dwarf;
				ENABLE_STRICT_OBJC_MSGSEND = YES;
				ENABLE_TESTABILITY = YES;
				GCC_C_LANGUAGE_STANDARD = gnu11;
				GCC_DYNAMIC_NO_PIC = NO;
				GCC_NO_COMMON_BLOCKS = YES;
				GCC_OPTIMIZATION_LEVEL = 0;
				GCC_PREPROCESSOR_DEFINITIONS = (
					"DEBUG=1",
					"$(inherited)",
				);
				GCC_WARN_64_TO_32_BIT_CONVERSION = YES;
				GCC_WARN_ABOUT_RETURN_TYPE = YES_ERROR;
				GCC_WARN_UNDECLARED_SELECTOR = YES;
				GCC_WARN_UNINITIALIZED_AUTOS = YES_AGGRESSIVE;
				GCC_WARN_UNUSED_FUNCTION = YES;
				GCC_WARN_UNUSED_VARIABLE = YES;
				IPHONEOS_DEPLOYMENT_TARGET = 15.4;
				MTL_ENABLE_DEBUG_INFO = INCLUDE_SOURCE;
				MTL_FAST_MATH = YES;
				ONLY_ACTIVE_ARCH = YES;
				SDKROOT = iphoneos;
				SWIFT_ACTIVE_COMPILATION_CONDITIONS = DEBUG;
				SWIFT_OPTIMIZATION_LEVEL = "-Onone";
			};
			name = Debug;
		};
		2208EA782C035D20003E59A1 /* Release */ = {
			isa = XCBuildConfiguration;
			buildSettings = {
				ALWAYS_SEARCH_USER_PATHS = NO;
				CLANG_ANALYZER_NONNULL = YES;
				CLANG_ANALYZER_NUMBER_OBJECT_CONVERSION = YES_AGGRESSIVE;
				CLANG_CXX_LANGUAGE_STANDARD = "gnu++17";
				CLANG_ENABLE_MODULES = YES;
				CLANG_ENABLE_OBJC_ARC = YES;
				CLANG_ENABLE_OBJC_WEAK = YES;
				CLANG_WARN_BLOCK_CAPTURE_AUTORELEASING = YES;
				CLANG_WARN_BOOL_CONVERSION = YES;
				CLANG_WARN_COMMA = YES;
				CLANG_WARN_CONSTANT_CONVERSION = YES;
				CLANG_WARN_DEPRECATED_OBJC_IMPLEMENTATIONS = YES;
				CLANG_WARN_DIRECT_OBJC_ISA_USAGE = YES_ERROR;
				CLANG_WARN_DOCUMENTATION_COMMENTS = YES;
				CLANG_WARN_EMPTY_BODY = YES;
				CLANG_WARN_ENUM_CONVERSION = YES;
				CLANG_WARN_INFINITE_RECURSION = YES;
				CLANG_WARN_INT_CONVERSION = YES;
				CLANG_WARN_NON_LITERAL_NULL_CONVERSION = YES;
				CLANG_WARN_OBJC_IMPLICIT_RETAIN_SELF = YES;
				CLANG_WARN_OBJC_LITERAL_CONVERSION = YES;
				CLANG_WARN_OBJC_ROOT_CLASS = YES_ERROR;
				CLANG_WARN_QUOTED_INCLUDE_IN_FRAMEWORK_HEADER = YES;
				CLANG_WARN_RANGE_LOOP_ANALYSIS = YES;
				CLANG_WARN_STRICT_PROTOTYPES = YES;
				CLANG_WARN_SUSPICIOUS_MOVE = YES;
				CLANG_WARN_UNGUARDED_AVAILABILITY = YES_AGGRESSIVE;
				CLANG_WARN_UNREACHABLE_CODE = YES;
				CLANG_WARN__DUPLICATE_METHOD_MATCH = YES;
				COPY_PHASE_STRIP = NO;
				DEBUG_INFORMATION_FORMAT = "dwarf-with-dsym";
				ENABLE_NS_ASSERTIONS = NO;
				ENABLE_STRICT_OBJC_MSGSEND = YES;
				GCC_C_LANGUAGE_STANDARD = gnu11;
				GCC_NO_COMMON_BLOCKS = YES;
				GCC_WARN_64_TO_32_BIT_CONVERSION = YES;
				GCC_WARN_ABOUT_RETURN_TYPE = YES_ERROR;
				GCC_WARN_UNDECLARED_SELECTOR = YES;
				GCC_WARN_UNINITIALIZED_AUTOS = YES_AGGRESSIVE;
				GCC_WARN_UNUSED_FUNCTION = YES;
				GCC_WARN_UNUSED_VARIABLE = YES;
				IPHONEOS_DEPLOYMENT_TARGET = 15.4;
				MTL_ENABLE_DEBUG_INFO = NO;
				MTL_FAST_MATH = YES;
				SDKROOT = iphoneos;
				SWIFT_COMPILATION_MODE = wholemodule;
				SWIFT_OPTIMIZATION_LEVEL = "-O";
				VALIDATE_PRODUCT = YES;
			};
			name = Release;
		};
		2208EA7A2C035D20003E59A1 /* Debug */ = {
			isa = XCBuildConfiguration;
			buildSettings = {
				ASSETCATALOG_COMPILER_APPICON_NAME = AppIcon;
				ASSETCATALOG_COMPILER_GLOBAL_ACCENT_COLOR_NAME = AccentColor;
				CODE_SIGN_STYLE = Automatic;
				CURRENT_PROJECT_VERSION = 1;
				GENERATE_INFOPLIST_FILE = YES;
				INFOPLIST_FILE = tictactoe/Info.plist;
				INFOPLIST_KEY_UIApplicationSupportsIndirectInputEvents = YES;
				INFOPLIST_KEY_UILaunchStoryboardName = LaunchScreen;
				INFOPLIST_KEY_UIMainStoryboardFile = Main;
				INFOPLIST_KEY_UISupportedInterfaceOrientations_iPad = "UIInterfaceOrientationPortrait UIInterfaceOrientationPortraitUpsideDown UIInterfaceOrientationLandscapeLeft UIInterfaceOrientationLandscapeRight";
				INFOPLIST_KEY_UISupportedInterfaceOrientations_iPhone = "UIInterfaceOrientationPortrait UIInterfaceOrientationLandscapeLeft UIInterfaceOrientationLandscapeRight";
				LD_RUNPATH_SEARCH_PATHS = (
					"$(inherited)",
					"@executable_path/Frameworks",
				);
				MARKETING_VERSION = 1.0;
				PRODUCT_BUNDLE_IDENTIFIER = com.karthikXcode.tictactoe;
				PRODUCT_NAME = "$(TARGET_NAME)";
				SWIFT_EMIT_LOC_STRINGS = YES;
				SWIFT_VERSION = 5.0;
				TARGETED_DEVICE_FAMILY = "1,2";
			};
			name = Debug;
		};
		2208EA7B2C035D20003E59A1 /* Release */ = {
			isa = XCBuildConfiguration;
			buildSettings = {
				ASSETCATALOG_COMPILER_APPICON_NAME = AppIcon;
				ASSETCATALOG_COMPILER_GLOBAL_ACCENT_COLOR_NAME = AccentColor;
				CODE_SIGN_STYLE = Automatic;
				CURRENT_PROJECT_VERSION = 1;
				GENERATE_INFOPLIST_FILE = YES;
				INFOPLIST_FILE = tictactoe/Info.plist;
				INFOPLIST_KEY_UIApplicationSupportsIndirectInputEvents = YES;
				INFOPLIST_KEY_UILaunchStoryboardName = LaunchScreen;
				INFOPLIST_KEY_UIMainStoryboardFile = Main;
				INFOPLIST_KEY_UISupportedInterfaceOrientations_iPad = "UIInterfaceOrientationPortrait UIInterfaceOrientationPortraitUpsideDown UIInterfaceOrientationLandscapeLeft UIInterfaceOrientationLandscapeRight";
				INFOPLIST_KEY_UISupportedInterfaceOrientations_iPhone = "UIInterfaceOrientationPortrait UIInterfaceOrientationLandscapeLeft UIInterfaceOrientationLandscapeRight";
				LD_RUNPATH_SEARCH_PATHS = (
					"$(inherited)",
					"@executable_path/Frameworks",
				);
				MARKETING_VERSION = 1.0;
				PRODUCT_BUNDLE_IDENTIFIER = com.karthikXcode.tictactoe;
				PRODUCT_NAME = "$(TARGET_NAME)";
				SWIFT_EMIT_LOC_STRINGS = YES;
				SWIFT_VERSION = 5.0;
				TARGETED_DEVICE_FAMILY = "1,2";
			};
			name = Release;
		};
		2208EA7D2C035D20003E59A1 /* Debug */ = {
			isa = XCBuildConfiguration;
			buildSettings = {
				ALWAYS_EMBED_SWIFT_STANDARD_LIBRARIES = YES;
				BUNDLE_LOADER = "$(TEST_HOST)";
				CODE_SIGN_STYLE = Automatic;
				CURRENT_PROJECT_VERSION = 1;
				GENERATE_INFOPLIST_FILE = YES;
				IPHONEOS_DEPLOYMENT_TARGET = 15.4;
				MARKETING_VERSION = 1.0;
				PRODUCT_BUNDLE_IDENTIFIER = com.karthikXcode.tictactoeTests;
				PRODUCT_NAME = "$(TARGET_NAME)";
				SWIFT_EMIT_LOC_STRINGS = NO;
				SWIFT_VERSION = 5.0;
				TARGETED_DEVICE_FAMILY = "1,2";
				TEST_HOST = "$(BUILT_PRODUCTS_DIR)/tictactoe.app/tictactoe";
			};
			name = Debug;
		};
		2208EA7E2C035D20003E59A1 /* Release */ = {
			isa = XCBuildConfiguration;
			buildSettings = {
				ALWAYS_EMBED_SWIFT_STANDARD_LIBRARIES = YES;
				BUNDLE_LOADER = "$(TEST_HOST)";
				CODE_SIGN_STYLE = Automatic;
				CURRENT_PROJECT_VERSION = 1;
				GENERATE_INFOPLIST_FILE = YES;
				IPHONEOS_DEPLOYMENT_TARGET = 15.4;
				MARKETING_VERSION = 1.0;
				PRODUCT_BUNDLE_IDENTIFIER = com.karthikXcode.tictactoeTests;
				PRODUCT_NAME = "$(TARGET_NAME)";
				SWIFT_EMIT_LOC_STRINGS = NO;
				SWIFT_VERSION = 5.0;
				TARGETED_DEVICE_FAMILY = "1,2";
				TEST_HOST = "$(BUILT_PRODUCTS_DIR)/tictactoe.app/tictactoe";
			};
			name = Release;
		};
		2208EA802C035D20003E59A1 /* Debug */ = {
			isa = XCBuildConfiguration;
			buildSettings = {
				ALWAYS_EMBED_SWIFT_STANDARD_LIBRARIES = YES;
				CODE_SIGN_STYLE = Automatic;
				CURRENT_PROJECT_VERSION = 1;
				GENERATE_INFOPLIST_FILE = YES;
				MARKETING_VERSION = 1.0;
				PRODUCT_BUNDLE_IDENTIFIER = com.karthikXcode.tictactoeUITests;
				PRODUCT_NAME = "$(TARGET_NAME)";
				SWIFT_EMIT_LOC_STRINGS = NO;
				SWIFT_VERSION = 5.0;
				TARGETED_DEVICE_FAMILY = "1,2";
				TEST_TARGET_NAME = tictactoe;
			};
			name = Debug;
		};
		2208EA812C035D20003E59A1 /* Release */ = {
			isa = XCBuildConfiguration;
			buildSettings = {
				ALWAYS_EMBED_SWIFT_STANDARD_LIBRARIES = YES;
				CODE_SIGN_STYLE = Automatic;
				CURRENT_PROJECT_VERSION = 1;
				GENERATE_INFOPLIST_FILE = YES;
				MARKETING_VERSION = 1.0;
				PRODUCT_BUNDLE_IDENTIFIER = com.karthikXcode.tictactoeUITests;
				PRODUCT_NAME = "$(TARGET_NAME)";
				SWIFT_EMIT_LOC_STRINGS = NO;
				SWIFT_VERSION = 5.0;
				TARGETED_DEVICE_FAMILY = "1,2";
				TEST_TARGET_NAME = tictactoe;
			};
			name = Release;
		};
/* End XCBuildConfiguration section */

/* Begin XCConfigurationList section */
		2208EA4A2C035D1E003E59A1 /* Build configuration list for PBXProject "tictactoe" */ = {
			isa = XCConfigurationList;
			buildConfigurations = (
				2208EA772C035D20003E59A1 /* Debug */,
				2208EA782C035D20003E59A1 /* Release */,
			);
			defaultConfigurationIsVisible = 0;
			defaultConfigurationName = Release;
		};
		2208EA792C035D20003E59A1 /* Build configuration list for PBXNativeTarget "tictactoe" */ = {
			isa = XCConfigurationList;
			buildConfigurations = (
				2208EA7A2C035D20003E59A1 /* Debug */,
				2208EA7B2C035D20003E59A1 /* Release */,
			);
			defaultConfigurationIsVisible = 0;
			defaultConfigurationName = Release;
		};
		2208EA7C2C035D20003E59A1 /* Build configuration list for PBXNativeTarget "tictactoeTests" */ = {
			isa = XCConfigurationList;
			buildConfigurations = (
				2208EA7D2C035D20003E59A1 /* Debug */,
				2208EA7E2C035D20003E59A1 /* Release */,
			);
			defaultConfigurationIsVisible = 0;
			defaultConfigurationName = Release;
		};
		2208EA7F2C035D20003E59A1 /* Build configuration list for PBXNativeTarget "tictactoeUITests" */ = {
			isa = XCConfigurationList;
			buildConfigurations = (
				2208EA802C035D20003E59A1 /* Debug */,
				2208EA812C035D20003E59A1 /* Release */,
			);
			defaultConfigurationIsVisible = 0;
			defaultConfigurationName = Release;
		};
/* End XCConfigurationList section */
	};
	rootObject = 2208EA472C035D1E003E59A1 /* Project object */;
}
